// !$*UTF8*$!
{
	archiveVersion = 1;
	classes = {
	};
	objectVersion = 55;
	objects = {

/* Begin PBXBuildFile section */
		340AE8FB72C759C086144D69 /* Pods_XYSwiftVideo.framework in Frameworks */ = {isa = PBXBuildFile; fileRef = E8477F51DAD81CF096BC1811 /* Pods_XYSwiftVideo.framework */; };
		831EE3EC2AC424CE00CBE277 /* YXGatherCell.swift in Sources */ = {isa = PBXBuildFile; fileRef = 831EE3EB2AC424CE00CBE277 /* YXGatherCell.swift */; };
		832552CB2A97366700BFE696 /* XYSwiftVideo.h in Headers */ = {isa = PBXBuildFile; fileRef = 832552CA2A97366700BFE696 /* XYSwiftVideo.h */; settings = {ATTRIBUTES = (Public, ); }; };
		832552D22A9740E200BFE696 /* XYSwiftVideo.swift in Sources */ = {isa = PBXBuildFile; fileRef = 832552D12A9740E200BFE696 /* XYSwiftVideo.swift */; };
		832552D52A9741E900BFE696 /* YXBaseViewController.swift in Sources */ = {isa = PBXBuildFile; fileRef = 832552D42A9741E900BFE696 /* YXBaseViewController.swift */; };
		832552D72A97423A00BFE696 /* YXCusNavigationBar.swift in Sources */ = {isa = PBXBuildFile; fileRef = 832552D62A97423A00BFE696 /* YXCusNavigationBar.swift */; };
		832552DA2A9742BC00BFE696 /* UIView+YHExtension.swift in Sources */ = {isa = PBXBuildFile; fileRef = 832552D92A9742BC00BFE696 /* UIView+YHExtension.swift */; };
		832552DC2A9742E100BFE696 /* UIDevice+YHExtension.swift in Sources */ = {isa = PBXBuildFile; fileRef = 832552DB2A9742E100BFE696 /* UIDevice+YHExtension.swift */; };
		832552E02A97433200BFE696 /* YXDefine.h in Headers */ = {isa = PBXBuildFile; fileRef = 832552DE2A97433200BFE696 /* YXDefine.h */; settings = {ATTRIBUTES = (Public, ); }; };
		832552E12A97433200BFE696 /* YXDefine.m in Sources */ = {isa = PBXBuildFile; fileRef = 832552DF2A97433200BFE696 /* YXDefine.m */; };
		832552F02A975F3700BFE696 /* UIColor+YX.swift in Sources */ = {isa = PBXBuildFile; fileRef = 832552EF2A975F3700BFE696 /* UIColor+YX.swift */; };
		839174972AB17CC300401FE5 /* YXPagePushUtil.swift in Sources */ = {isa = PBXBuildFile; fileRef = 839174962AB17CC300401FE5 /* YXPagePushUtil.swift */; };
		8391749A2AB17D6C00401FE5 /* YXDetailViewController.swift in Sources */ = {isa = PBXBuildFile; fileRef = 839174992AB17D6C00401FE5 /* YXDetailViewController.swift */; };
		8391749D2AB180EC00401FE5 /* YXSearchViewController.swift in Sources */ = {isa = PBXBuildFile; fileRef = 8391749C2AB180EC00401FE5 /* YXSearchViewController.swift */; };
		839174A02AB180FA00401FE5 /* YXSearchView.swift in Sources */ = {isa = PBXBuildFile; fileRef = 8391749F2AB180FA00401FE5 /* YXSearchView.swift */; };
		839C854E2AB8208D006A54DF /* YXSearchCell.swift in Sources */ = {isa = PBXBuildFile; fileRef = 839C854D2AB8208D006A54DF /* YXSearchCell.swift */; };
		839C85532AB82C41006A54DF /* YXMainHeadView.swift in Sources */ = {isa = PBXBuildFile; fileRef = 839C85512AB82C41006A54DF /* YXMainHeadView.swift */; };
		839C85542AB82C41006A54DF /* YXMainCell.swift in Sources */ = {isa = PBXBuildFile; fileRef = 839C85522AB82C41006A54DF /* YXMainCell.swift */; };
		839C85562AB82CA5006A54DF /* YXMainContentView.swift in Sources */ = {isa = PBXBuildFile; fileRef = 839C85552AB82CA5006A54DF /* YXMainContentView.swift */; };
		839C855E2AB9504C006A54DF /* YXHistoryViewController.swift in Sources */ = {isa = PBXBuildFile; fileRef = 839C855D2AB9504C006A54DF /* YXHistoryViewController.swift */; };
		839C85612AB9519B006A54DF /* YXPlayVideoView.swift in Sources */ = {isa = PBXBuildFile; fileRef = 839C85602AB9519A006A54DF /* YXPlayVideoView.swift */; };
		839C85632AB9527C006A54DF /* YXBriefView.swift in Sources */ = {isa = PBXBuildFile; fileRef = 839C85622AB9527C006A54DF /* YXBriefView.swift */; };
		839C85652AB95490006A54DF /* YXGatherView.swift in Sources */ = {isa = PBXBuildFile; fileRef = 839C85642AB95490006A54DF /* YXGatherView.swift */; };
		839C85672AB954A6006A54DF /* YXDetailContentView.swift in Sources */ = {isa = PBXBuildFile; fileRef = 839C85662AB954A6006A54DF /* YXDetailContentView.swift */; };
		83E6AB0C2AAEB51900ABA9EF /* HYVideoSDK.bundle in Resources */ = {isa = PBXBuildFile; fileRef = 83E6AB0B2AAEB51900ABA9EF /* HYVideoSDK.bundle */; };
		9A9D555A2A9AE358001070F3 /* UIImage+YXImage.swift in Sources */ = {isa = PBXBuildFile; fileRef = 9A9D55592A9AE358001070F3 /* UIImage+YXImage.swift */; };
		9A9D555D2A9AE45D001070F3 /* YXMainViewController.swift in Sources */ = {isa = PBXBuildFile; fileRef = 9A9D555C2A9AE45D001070F3 /* YXMainViewController.swift */; };
		9A9D55632A9B4B72001070F3 /* Promise.swift in Sources */ = {isa = PBXBuildFile; fileRef = 9A9D555F2A9B4B71001070F3 /* Promise.swift */; };
		9A9D55642A9B4B72001070F3 /* Thread.swift in Sources */ = {isa = PBXBuildFile; fileRef = 9A9D55602A9B4B71001070F3 /* Thread.swift */; };
		9A9D55652A9B4B72001070F3 /* Promise.h in Headers */ = {isa = PBXBuildFile; fileRef = 9A9D55612A9B4B71001070F3 /* Promise.h */; settings = {ATTRIBUTES = (Public, ); }; };
		9A9D55662A9B4B72001070F3 /* Async.swift in Sources */ = {isa = PBXBuildFile; fileRef = 9A9D55622A9B4B71001070F3 /* Async.swift */; };
		9A9D55692A9B4C2F001070F3 /* XYNetCore.swift in Sources */ = {isa = PBXBuildFile; fileRef = 9A9D55682A9B4C2F001070F3 /* XYNetCore.swift */; };
		9A9D556B2A9B4E16001070F3 /* XYNetworkingError.swift in Sources */ = {isa = PBXBuildFile; fileRef = 9A9D556A2A9B4E16001070F3 /* XYNetworkingError.swift */; };
		9A9D55702A9B505E001070F3 /* YXApiService.swift in Sources */ = {isa = PBXBuildFile; fileRef = 9A9D556F2A9B505E001070F3 /* YXApiService.swift */; };
		9A9D55732A9B51ED001070F3 /* RecommendList.swift in Sources */ = {isa = PBXBuildFile; fileRef = 9A9D55722A9B51ED001070F3 /* RecommendList.swift */; };
		9A9D55752A9B51FE001070F3 /* GetDetail.swift in Sources */ = {isa = PBXBuildFile; fileRef = 9A9D55742A9B51FE001070F3 /* GetDetail.swift */; };
		9A9D55792A9B521D001070F3 /* SearchMovies.swift in Sources */ = {isa = PBXBuildFile; fileRef = 9A9D55782A9B521D001070F3 /* SearchMovies.swift */; };
/* End PBXBuildFile section */

/* Begin PBXFileReference section */
		11E44C2D8AE63739802006CA /* Pods-XYSwiftVideo.release.xcconfig */ = {isa = PBXFileReference; includeInIndex = 1; lastKnownFileType = text.xcconfig; name = "Pods-XYSwiftVideo.release.xcconfig"; path = "Target Support Files/Pods-XYSwiftVideo/Pods-XYSwiftVideo.release.xcconfig"; sourceTree = "<group>"; };
		376AF7998835CC95B4D6ED04 /* Pods-XYSwiftVideo.debug.xcconfig */ = {isa = PBXFileReference; includeInIndex = 1; lastKnownFileType = text.xcconfig; name = "Pods-XYSwiftVideo.debug.xcconfig"; path = "Target Support Files/Pods-XYSwiftVideo/Pods-XYSwiftVideo.debug.xcconfig"; sourceTree = "<group>"; };
		831EE3EB2AC424CE00CBE277 /* YXGatherCell.swift */ = {isa = PBXFileReference; lastKnownFileType = sourcecode.swift; path = YXGatherCell.swift; sourceTree = "<group>"; };
		832552C72A97366700BFE696 /* XYSwiftVideo.framework */ = {isa = PBXFileReference; explicitFileType = wrapper.framework; includeInIndex = 0; path = XYSwiftVideo.framework; sourceTree = BUILT_PRODUCTS_DIR; };
		832552CA2A97366700BFE696 /* XYSwiftVideo.h */ = {isa = PBXFileReference; lastKnownFileType = sourcecode.c.h; path = XYSwiftVideo.h; sourceTree = "<group>"; };
		832552D12A9740E200BFE696 /* XYSwiftVideo.swift */ = {isa = PBXFileReference; lastKnownFileType = sourcecode.swift; path = XYSwiftVideo.swift; sourceTree = "<group>"; };
		832552D42A9741E900BFE696 /* YXBaseViewController.swift */ = {isa = PBXFileReference; lastKnownFileType = sourcecode.swift; path = YXBaseViewController.swift; sourceTree = "<group>"; };
		832552D62A97423A00BFE696 /* YXCusNavigationBar.swift */ = {isa = PBXFileReference; lastKnownFileType = sourcecode.swift; path = YXCusNavigationBar.swift; sourceTree = "<group>"; };
		832552D92A9742BC00BFE696 /* UIView+YHExtension.swift */ = {isa = PBXFileReference; fileEncoding = 4; lastKnownFileType = sourcecode.swift; path = "UIView+YHExtension.swift"; sourceTree = "<group>"; };
		832552DB2A9742E100BFE696 /* UIDevice+YHExtension.swift */ = {isa = PBXFileReference; fileEncoding = 4; lastKnownFileType = sourcecode.swift; path = "UIDevice+YHExtension.swift"; sourceTree = "<group>"; };
		832552DE2A97433200BFE696 /* YXDefine.h */ = {isa = PBXFileReference; lastKnownFileType = sourcecode.c.h; path = YXDefine.h; sourceTree = "<group>"; };
		832552DF2A97433200BFE696 /* YXDefine.m */ = {isa = PBXFileReference; lastKnownFileType = sourcecode.c.objc; path = YXDefine.m; sourceTree = "<group>"; };
		832552EF2A975F3700BFE696 /* UIColor+YX.swift */ = {isa = PBXFileReference; fileEncoding = 4; lastKnownFileType = sourcecode.swift; path = "UIColor+YX.swift"; sourceTree = "<group>"; };
		839174962AB17CC300401FE5 /* YXPagePushUtil.swift */ = {isa = PBXFileReference; lastKnownFileType = sourcecode.swift; path = YXPagePushUtil.swift; sourceTree = "<group>"; };
		839174992AB17D6C00401FE5 /* YXDetailViewController.swift */ = {isa = PBXFileReference; lastKnownFileType = sourcecode.swift; path = YXDetailViewController.swift; sourceTree = "<group>"; };
		8391749C2AB180EC00401FE5 /* YXSearchViewController.swift */ = {isa = PBXFileReference; lastKnownFileType = sourcecode.swift; path = YXSearchViewController.swift; sourceTree = "<group>"; };
		8391749F2AB180FA00401FE5 /* YXSearchView.swift */ = {isa = PBXFileReference; lastKnownFileType = sourcecode.swift; path = YXSearchView.swift; sourceTree = "<group>"; };
		839C854D2AB8208D006A54DF /* YXSearchCell.swift */ = {isa = PBXFileReference; lastKnownFileType = sourcecode.swift; path = YXSearchCell.swift; sourceTree = "<group>"; };
		839C85512AB82C41006A54DF /* YXMainHeadView.swift */ = {isa = PBXFileReference; fileEncoding = 4; lastKnownFileType = sourcecode.swift; path = YXMainHeadView.swift; sourceTree = "<group>"; };
		839C85522AB82C41006A54DF /* YXMainCell.swift */ = {isa = PBXFileReference; fileEncoding = 4; lastKnownFileType = sourcecode.swift; path = YXMainCell.swift; sourceTree = "<group>"; };
		839C85552AB82CA5006A54DF /* YXMainContentView.swift */ = {isa = PBXFileReference; fileEncoding = 4; lastKnownFileType = sourcecode.swift; path = YXMainContentView.swift; sourceTree = "<group>"; };
		839C855D2AB9504C006A54DF /* YXHistoryViewController.swift */ = {isa = PBXFileReference; lastKnownFileType = sourcecode.swift; path = YXHistoryViewController.swift; sourceTree = "<group>"; };
		839C85602AB9519A006A54DF /* YXPlayVideoView.swift */ = {isa = PBXFileReference; lastKnownFileType = sourcecode.swift; path = YXPlayVideoView.swift; sourceTree = "<group>"; };
		839C85622AB9527C006A54DF /* YXBriefView.swift */ = {isa = PBXFileReference; lastKnownFileType = sourcecode.swift; path = YXBriefView.swift; sourceTree = "<group>"; };
		839C85642AB95490006A54DF /* YXGatherView.swift */ = {isa = PBXFileReference; lastKnownFileType = sourcecode.swift; path = YXGatherView.swift; sourceTree = "<group>"; };
		839C85662AB954A6006A54DF /* YXDetailContentView.swift */ = {isa = PBXFileReference; lastKnownFileType = sourcecode.swift; path = YXDetailContentView.swift; sourceTree = "<group>"; };
		83E6AB0B2AAEB51900ABA9EF /* HYVideoSDK.bundle */ = {isa = PBXFileReference; lastKnownFileType = "wrapper.plug-in"; path = HYVideoSDK.bundle; sourceTree = "<group>"; };
		9A9D55592A9AE358001070F3 /* UIImage+YXImage.swift */ = {isa = PBXFileReference; lastKnownFileType = sourcecode.swift; path = "UIImage+YXImage.swift"; sourceTree = "<group>"; };
		9A9D555C2A9AE45D001070F3 /* YXMainViewController.swift */ = {isa = PBXFileReference; lastKnownFileType = sourcecode.swift; path = YXMainViewController.swift; sourceTree = "<group>"; };
		9A9D555F2A9B4B71001070F3 /* Promise.swift */ = {isa = PBXFileReference; fileEncoding = 4; lastKnownFileType = sourcecode.swift; path = Promise.swift; sourceTree = "<group>"; };
		9A9D55602A9B4B71001070F3 /* Thread.swift */ = {isa = PBXFileReference; fileEncoding = 4; lastKnownFileType = sourcecode.swift; path = Thread.swift; sourceTree = "<group>"; };
		9A9D55612A9B4B71001070F3 /* Promise.h */ = {isa = PBXFileReference; fileEncoding = 4; lastKnownFileType = sourcecode.c.h; path = Promise.h; sourceTree = "<group>"; };
		9A9D55622A9B4B71001070F3 /* Async.swift */ = {isa = PBXFileReference; fileEncoding = 4; lastKnownFileType = sourcecode.swift; path = Async.swift; sourceTree = "<group>"; };
		9A9D55682A9B4C2F001070F3 /* XYNetCore.swift */ = {isa = PBXFileReference; lastKnownFileType = sourcecode.swift; path = XYNetCore.swift; sourceTree = "<group>"; };
		9A9D556A2A9B4E16001070F3 /* XYNetworkingError.swift */ = {isa = PBXFileReference; lastKnownFileType = sourcecode.swift; path = XYNetworkingError.swift; sourceTree = "<group>"; };
		9A9D556F2A9B505E001070F3 /* YXApiService.swift */ = {isa = PBXFileReference; lastKnownFileType = sourcecode.swift; path = YXApiService.swift; sourceTree = "<group>"; };
		9A9D55722A9B51ED001070F3 /* RecommendList.swift */ = {isa = PBXFileReference; lastKnownFileType = sourcecode.swift; path = RecommendList.swift; sourceTree = "<group>"; };
		9A9D55742A9B51FE001070F3 /* GetDetail.swift */ = {isa = PBXFileReference; lastKnownFileType = sourcecode.swift; path = GetDetail.swift; sourceTree = "<group>"; };
		9A9D55782A9B521D001070F3 /* SearchMovies.swift */ = {isa = PBXFileReference; lastKnownFileType = sourcecode.swift; path = SearchMovies.swift; sourceTree = "<group>"; };
		E8477F51DAD81CF096BC1811 /* Pods_XYSwiftVideo.framework */ = {isa = PBXFileReference; explicitFileType = wrapper.framework; includeInIndex = 0; path = Pods_XYSwiftVideo.framework; sourceTree = BUILT_PRODUCTS_DIR; };
/* End PBXFileReference section */

/* Begin PBXFrameworksBuildPhase section */
		832552C42A97366700BFE696 /* Frameworks */ = {
			isa = PBXFrameworksBuildPhase;
			buildActionMask = 2147483647;
			files = (
				340AE8FB72C759C086144D69 /* Pods_XYSwiftVideo.framework in Frameworks */,
			);
			runOnlyForDeploymentPostprocessing = 0;
		};
/* End PBXFrameworksBuildPhase section */

/* Begin PBXGroup section */
		680DB91A469D8EF3DB26CD6D /* Frameworks */ = {
			isa = PBXGroup;
			children = (
				E8477F51DAD81CF096BC1811 /* Pods_XYSwiftVideo.framework */,
			);
			name = Frameworks;
			sourceTree = "<group>";
		};
		74D0CB99AD8819876D0830D7 /* Pods */ = {
			isa = PBXGroup;
			children = (
				376AF7998835CC95B4D6ED04 /* Pods-XYSwiftVideo.debug.xcconfig */,
				11E44C2D8AE63739802006CA /* Pods-XYSwiftVideo.release.xcconfig */,
			);
			path = Pods;
			sourceTree = "<group>";
		};
		832552BD2A97366700BFE696 = {
			isa = PBXGroup;
			children = (
				832552C92A97366700BFE696 /* XYSwiftVideo */,
				832552C82A97366700BFE696 /* Products */,
				74D0CB99AD8819876D0830D7 /* Pods */,
				680DB91A469D8EF3DB26CD6D /* Frameworks */,
			);
			sourceTree = "<group>";
		};
		832552C82A97366700BFE696 /* Products */ = {
			isa = PBXGroup;
			children = (
				832552C72A97366700BFE696 /* XYSwiftVideo.framework */,
			);
			name = Products;
			sourceTree = "<group>";
		};
		832552C92A97366700BFE696 /* XYSwiftVideo */ = {
			isa = PBXGroup;
			children = (
				83E6AB0A2AAEB50F00ABA9EF /* Resources */,
				9A9D556C2A9B4EF3001070F3 /* api */,
				9A9D55672A9B4C10001070F3 /* net */,
				9A9D555E2A9B4B71001070F3 /* Promise */,
				9A9D555B2A9AE43B001070F3 /* vc */,
				832552DD2A97432200BFE696 /* common */,
				832552D82A9742A300BFE696 /* Extension */,
				832552D32A97419000BFE696 /* base */,
				832552CA2A97366700BFE696 /* XYSwiftVideo.h */,
				832552D12A9740E200BFE696 /* XYSwiftVideo.swift */,
			);
			path = XYSwiftVideo;
			sourceTree = "<group>";
		};
		832552D32A97419000BFE696 /* base */ = {
			isa = PBXGroup;
			children = (
				832552D42A9741E900BFE696 /* YXBaseViewController.swift */,
				832552D62A97423A00BFE696 /* YXCusNavigationBar.swift */,
			);
			path = base;
			sourceTree = "<group>";
		};
		832552D82A9742A300BFE696 /* Extension */ = {
			isa = PBXGroup;
			children = (
				832552EF2A975F3700BFE696 /* UIColor+YX.swift */,
				832552DB2A9742E100BFE696 /* UIDevice+YHExtension.swift */,
				832552D92A9742BC00BFE696 /* UIView+YHExtension.swift */,
				9A9D55592A9AE358001070F3 /* UIImage+YXImage.swift */,
			);
			path = Extension;
			sourceTree = "<group>";
		};
		832552DD2A97432200BFE696 /* common */ = {
			isa = PBXGroup;
			children = (
				832552DE2A97433200BFE696 /* YXDefine.h */,
				832552DF2A97433200BFE696 /* YXDefine.m */,
				839174962AB17CC300401FE5 /* YXPagePushUtil.swift */,
			);
			path = common;
			sourceTree = "<group>";
		};
		839174982AB17D5A00401FE5 /* detail */ = {
			isa = PBXGroup;
			children = (
				839C855F2AB95189006A54DF /* view */,
				839174992AB17D6C00401FE5 /* YXDetailViewController.swift */,
			);
			path = detail;
			sourceTree = "<group>";
		};
		8391749B2AB180D300401FE5 /* search */ = {
			isa = PBXGroup;
			children = (
				8391749E2AB180EF00401FE5 /* view */,
				8391749C2AB180EC00401FE5 /* YXSearchViewController.swift */,
			);
			path = search;
			sourceTree = "<group>";
		};
		8391749E2AB180EF00401FE5 /* view */ = {
			isa = PBXGroup;
			children = (
				8391749F2AB180FA00401FE5 /* YXSearchView.swift */,
				839C854D2AB8208D006A54DF /* YXSearchCell.swift */,
			);
			path = view;
			sourceTree = "<group>";
		};
		839C855C2AB95037006A54DF /* history */ = {
			isa = PBXGroup;
			children = (
				839C855D2AB9504C006A54DF /* YXHistoryViewController.swift */,
			);
			path = history;
			sourceTree = "<group>";
		};
		839C855F2AB95189006A54DF /* view */ = {
			isa = PBXGroup;
			children = (
				839C85602AB9519A006A54DF /* YXPlayVideoView.swift */,
				839C85622AB9527C006A54DF /* YXBriefView.swift */,
				839C85642AB95490006A54DF /* YXGatherView.swift */,
				831EE3EB2AC424CE00CBE277 /* YXGatherCell.swift */,
				839C85662AB954A6006A54DF /* YXDetailContentView.swift */,
			);
			path = view;
			sourceTree = "<group>";
		};
		83E6AB0A2AAEB50F00ABA9EF /* Resources */ = {
			isa = PBXGroup;
			children = (
				83E6AB0B2AAEB51900ABA9EF /* HYVideoSDK.bundle */,
			);
			path = Resources;
			sourceTree = "<group>";
		};
		83E6AB162AAEBB8B00ABA9EF /* view */ = {
			isa = PBXGroup;
			children = (
				839C85552AB82CA5006A54DF /* YXMainContentView.swift */,
				839C85522AB82C41006A54DF /* YXMainCell.swift */,
				839C85512AB82C41006A54DF /* YXMainHeadView.swift */,
			);
			path = view;
			sourceTree = "<group>";
		};
		9A9D555B2A9AE43B001070F3 /* vc */ = {
			isa = PBXGroup;
			children = (
				839C855C2AB95037006A54DF /* history */,
				8391749B2AB180D300401FE5 /* search */,
				839174982AB17D5A00401FE5 /* detail */,
				83E6AB162AAEBB8B00ABA9EF /* view */,
				9A9D555C2A9AE45D001070F3 /* YXMainViewController.swift */,
			);
			path = vc;
			sourceTree = "<group>";
		};
		9A9D555E2A9B4B71001070F3 /* Promise */ = {
			isa = PBXGroup;
			children = (
				9A9D555F2A9B4B71001070F3 /* Promise.swift */,
				9A9D55602A9B4B71001070F3 /* Thread.swift */,
				9A9D55612A9B4B71001070F3 /* Promise.h */,
				9A9D55622A9B4B71001070F3 /* Async.swift */,
			);
			path = Promise;
			sourceTree = "<group>";
		};
		9A9D55672A9B4C10001070F3 /* net */ = {
			isa = PBXGroup;
			children = (
				9A9D55682A9B4C2F001070F3 /* XYNetCore.swift */,
				9A9D556A2A9B4E16001070F3 /* XYNetworkingError.swift */,
				9A9D556F2A9B505E001070F3 /* YXApiService.swift */,
			);
			path = net;
			sourceTree = "<group>";
		};
		9A9D556C2A9B4EF3001070F3 /* api */ = {
			isa = PBXGroup;
			children = (
				9A9D55722A9B51ED001070F3 /* RecommendList.swift */,
				9A9D55742A9B51FE001070F3 /* GetDetail.swift */,
				9A9D55782A9B521D001070F3 /* SearchMovies.swift */,
			);
			path = api;
			sourceTree = "<group>";
		};
/* End PBXGroup section */

/* Begin PBXHeadersBuildPhase section */
		832552C22A97366700BFE696 /* Headers */ = {
			isa = PBXHeadersBuildPhase;
			buildActionMask = 2147483647;
			files = (
				9A9D55652A9B4B72001070F3 /* Promise.h in Headers */,
				832552E02A97433200BFE696 /* YXDefine.h in Headers */,
				832552CB2A97366700BFE696 /* XYSwiftVideo.h in Headers */,
			);
			runOnlyForDeploymentPostprocessing = 0;
		};
/* End PBXHeadersBuildPhase section */

/* Begin PBXNativeTarget section */
		832552C62A97366700BFE696 /* XYSwiftVideo */ = {
			isa = PBXNativeTarget;
			buildConfigurationList = 832552CE2A97366700BFE696 /* Build configuration list for PBXNativeTarget "XYSwiftVideo" */;
			buildPhases = (
				B8B60606980D53FAF112FA0E /* [CP] Check Pods Manifest.lock */,
				832552C22A97366700BFE696 /* Headers */,
				832552C32A97366700BFE696 /* Sources */,
				832552C42A97366700BFE696 /* Frameworks */,
				832552C52A97366700BFE696 /* Resources */,
				31A75129CB5FA04E4835E3C5 /* [CP] Copy Pods Resources */,
			);
			buildRules = (
			);
			dependencies = (
			);
			name = XYSwiftVideo;
			productName = XYSwiftVideo;
			productReference = 832552C72A97366700BFE696 /* XYSwiftVideo.framework */;
			productType = "com.apple.product-type.framework";
		};
/* End PBXNativeTarget section */

/* Begin PBXProject section */
		832552BE2A97366700BFE696 /* Project object */ = {
			isa = PBXProject;
			attributes = {
				BuildIndependentTargetsInParallel = 1;
				LastUpgradeCheck = 1420;
				TargetAttributes = {
					832552C62A97366700BFE696 = {
						CreatedOnToolsVersion = 14.2;
						LastSwiftMigration = 1420;
					};
				};
			};
			buildConfigurationList = 832552C12A97366700BFE696 /* Build configuration list for PBXProject "XYSwiftVideo" */;
			compatibilityVersion = "Xcode 13.0";
			developmentRegion = en;
			hasScannedForEncodings = 0;
			knownRegions = (
				en,
				Base,
			);
			mainGroup = 832552BD2A97366700BFE696;
			productRefGroup = 832552C82A97366700BFE696 /* Products */;
			projectDirPath = "";
			projectRoot = "";
			targets = (
				832552C62A97366700BFE696 /* XYSwiftVideo */,
			);
		};
/* End PBXProject section */

/* Begin PBXResourcesBuildPhase section */
		832552C52A97366700BFE696 /* Resources */ = {
			isa = PBXResourcesBuildPhase;
			buildActionMask = 2147483647;
			files = (
				83E6AB0C2AAEB51900ABA9EF /* HYVideoSDK.bundle in Resources */,
			);
			runOnlyForDeploymentPostprocessing = 0;
		};
/* End PBXResourcesBuildPhase section */

/* Begin PBXShellScriptBuildPhase section */
		31A75129CB5FA04E4835E3C5 /* [CP] Copy Pods Resources */ = {
			isa = PBXShellScriptBuildPhase;
			buildActionMask = 2147483647;
			files = (
			);
			inputFileListPaths = (
				"${PODS_ROOT}/Target Support Files/Pods-XYSwiftVideo/Pods-XYSwiftVideo-resources-${CONFIGURATION}-input-files.xcfilelist",
			);
			name = "[CP] Copy Pods Resources";
			outputFileListPaths = (
				"${PODS_ROOT}/Target Support Files/Pods-XYSwiftVideo/Pods-XYSwiftVideo-resources-${CONFIGURATION}-output-files.xcfilelist",
			);
			runOnlyForDeploymentPostprocessing = 0;
			shellPath = /bin/sh;
			shellScript = "\"${PODS_ROOT}/Target Support Files/Pods-XYSwiftVideo/Pods-XYSwiftVideo-resources.sh\"\n";
			showEnvVarsInLog = 0;
		};
		B8B60606980D53FAF112FA0E /* [CP] Check Pods Manifest.lock */ = {
			isa = PBXShellScriptBuildPhase;
			buildActionMask = 2147483647;
			files = (
			);
			inputFileListPaths = (
			);
			inputPaths = (
				"${PODS_PODFILE_DIR_PATH}/Podfile.lock",
				"${PODS_ROOT}/Manifest.lock",
			);
			name = "[CP] Check Pods Manifest.lock";
			outputFileListPaths = (
			);
			outputPaths = (
				"$(DERIVED_FILE_DIR)/Pods-XYSwiftVideo-checkManifestLockResult.txt",
			);
			runOnlyForDeploymentPostprocessing = 0;
			shellPath = /bin/sh;
			shellScript = "diff \"${PODS_PODFILE_DIR_PATH}/Podfile.lock\" \"${PODS_ROOT}/Manifest.lock\" > /dev/null\nif [ $? != 0 ] ; then\n    # print error to STDERR\n    echo \"error: The sandbox is not in sync with the Podfile.lock. Run 'pod install' or update your CocoaPods installation.\" >&2\n    exit 1\nfi\n# This output is used by Xcode 'outputs' to avoid re-running this script phase.\necho \"SUCCESS\" > \"${SCRIPT_OUTPUT_FILE_0}\"\n";
			showEnvVarsInLog = 0;
		};
/* End PBXShellScriptBuildPhase section */

/* Begin PBXSourcesBuildPhase section */
		832552C32A97366700BFE696 /* Sources */ = {
			isa = PBXSourcesBuildPhase;
			buildActionMask = 2147483647;
			files = (
				832552F02A975F3700BFE696 /* UIColor+YX.swift in Sources */,
				832552D52A9741E900BFE696 /* YXBaseViewController.swift in Sources */,
				839C85632AB9527C006A54DF /* YXBriefView.swift in Sources */,
				9A9D55732A9B51ED001070F3 /* RecommendList.swift in Sources */,
				9A9D55692A9B4C2F001070F3 /* XYNetCore.swift in Sources */,
				9A9D55642A9B4B72001070F3 /* Thread.swift in Sources */,
				839C85652AB95490006A54DF /* YXGatherView.swift in Sources */,
				8391749D2AB180EC00401FE5 /* YXSearchViewController.swift in Sources */,
				839C854E2AB8208D006A54DF /* YXSearchCell.swift in Sources */,
				832552DC2A9742E100BFE696 /* UIDevice+YHExtension.swift in Sources */,
				9A9D55662A9B4B72001070F3 /* Async.swift in Sources */,
				839C85542AB82C41006A54DF /* YXMainCell.swift in Sources */,
				832552DA2A9742BC00BFE696 /* UIView+YHExtension.swift in Sources */,
				839C85562AB82CA5006A54DF /* YXMainContentView.swift in Sources */,
				9A9D556B2A9B4E16001070F3 /* XYNetworkingError.swift in Sources */,
				9A9D55752A9B51FE001070F3 /* GetDetail.swift in Sources */,
				9A9D55702A9B505E001070F3 /* YXApiService.swift in Sources */,
				839174A02AB180FA00401FE5 /* YXSearchView.swift in Sources */,
				839C85672AB954A6006A54DF /* YXDetailContentView.swift in Sources */,
				839174972AB17CC300401FE5 /* YXPagePushUtil.swift in Sources */,
				9A9D555A2A9AE358001070F3 /* UIImage+YXImage.swift in Sources */,
				839C85532AB82C41006A54DF /* YXMainHeadView.swift in Sources */,
				832552D22A9740E200BFE696 /* XYSwiftVideo.swift in Sources */,
				832552D72A97423A00BFE696 /* YXCusNavigationBar.swift in Sources */,
				839C855E2AB9504C006A54DF /* YXHistoryViewController.swift in Sources */,
				831EE3EC2AC424CE00CBE277 /* YXGatherCell.swift in Sources */,
				832552E12A97433200BFE696 /* YXDefine.m in Sources */,
				9A9D55632A9B4B72001070F3 /* Promise.swift in Sources */,
				9A9D55792A9B521D001070F3 /* SearchMovies.swift in Sources */,
				839C85612AB9519B006A54DF /* YXPlayVideoView.swift in Sources */,
				8391749A2AB17D6C00401FE5 /* YXDetailViewController.swift in Sources */,
				9A9D555D2A9AE45D001070F3 /* YXMainViewController.swift in Sources */,
			);
			runOnlyForDeploymentPostprocessing = 0;
		};
/* End PBXSourcesBuildPhase section */

/* Begin XCBuildConfiguration section */
		832552CC2A97366700BFE696 /* Debug */ = {
			isa = XCBuildConfiguration;
			buildSettings = {
				ALWAYS_SEARCH_USER_PATHS = NO;
				CLANG_ANALYZER_NONNULL = YES;
				CLANG_ANALYZER_NUMBER_OBJECT_CONVERSION = YES_AGGRESSIVE;
				CLANG_CXX_LANGUAGE_STANDARD = "gnu++20";
				CLANG_ENABLE_MODULES = YES;
				CLANG_ENABLE_OBJC_ARC = YES;
				CLANG_ENABLE_OBJC_WEAK = YES;
				CLANG_WARN_BLOCK_CAPTURE_AUTORELEASING = YES;
				CLANG_WARN_BOOL_CONVERSION = YES;
				CLANG_WARN_COMMA = YES;
				CLANG_WARN_CONSTANT_CONVERSION = YES;
				CLANG_WARN_DEPRECATED_OBJC_IMPLEMENTATIONS = YES;
				CLANG_WARN_DIRECT_OBJC_ISA_USAGE = YES_ERROR;
				CLANG_WARN_DOCUMENTATION_COMMENTS = YES;
				CLANG_WARN_EMPTY_BODY = YES;
				CLANG_WARN_ENUM_CONVERSION = YES;
				CLANG_WARN_INFINITE_RECURSION = YES;
				CLANG_WARN_INT_CONVERSION = YES;
				CLANG_WARN_NON_LITERAL_NULL_CONVERSION = YES;
				CLANG_WARN_OBJC_IMPLICIT_RETAIN_SELF = YES;
				CLANG_WARN_OBJC_LITERAL_CONVERSION = YES;
				CLANG_WARN_OBJC_ROOT_CLASS = YES_ERROR;
				CLANG_WARN_QUOTED_INCLUDE_IN_FRAMEWORK_HEADER = YES;
				CLANG_WARN_RANGE_LOOP_ANALYSIS = YES;
				CLANG_WARN_STRICT_PROTOTYPES = YES;
				CLANG_WARN_SUSPICIOUS_MOVE = YES;
				CLANG_WARN_UNGUARDED_AVAILABILITY = YES_AGGRESSIVE;
				CLANG_WARN_UNREACHABLE_CODE = YES;
				CLANG_WARN__DUPLICATE_METHOD_MATCH = YES;
				COPY_PHASE_STRIP = NO;
				CURRENT_PROJECT_VERSION = 1;
				DEBUG_INFORMATION_FORMAT = dwarf;
				ENABLE_STRICT_OBJC_MSGSEND = YES;
				ENABLE_TESTABILITY = YES;
				GCC_C_LANGUAGE_STANDARD = gnu11;
				GCC_DYNAMIC_NO_PIC = NO;
				GCC_NO_COMMON_BLOCKS = YES;
				GCC_OPTIMIZATION_LEVEL = 0;
				GCC_PREPROCESSOR_DEFINITIONS = (
					"DEBUG=1",
					"$(inherited)",
				);
				GCC_WARN_64_TO_32_BIT_CONVERSION = YES;
				GCC_WARN_ABOUT_RETURN_TYPE = YES_ERROR;
				GCC_WARN_UNDECLARED_SELECTOR = YES;
				GCC_WARN_UNINITIALIZED_AUTOS = YES_AGGRESSIVE;
				GCC_WARN_UNUSED_FUNCTION = YES;
				GCC_WARN_UNUSED_VARIABLE = YES;
				IPHONEOS_DEPLOYMENT_TARGET = 16.2;
				MTL_ENABLE_DEBUG_INFO = INCLUDE_SOURCE;
				MTL_FAST_MATH = YES;
				ONLY_ACTIVE_ARCH = YES;
				SDKROOT = iphoneos;
				SWIFT_ACTIVE_COMPILATION_CONDITIONS = DEBUG;
				SWIFT_OPTIMIZATION_LEVEL = "-Onone";
				VERSIONING_SYSTEM = "apple-generic";
				VERSION_INFO_PREFIX = "";
			};
			name = Debug;
		};
		832552CD2A97366700BFE696 /* Release */ = {
			isa = XCBuildConfiguration;
			buildSettings = {
				ALWAYS_SEARCH_USER_PATHS = NO;
				CLANG_ANALYZER_NONNULL = YES;
				CLANG_ANALYZER_NUMBER_OBJECT_CONVERSION = YES_AGGRESSIVE;
				CLANG_CXX_LANGUAGE_STANDARD = "gnu++20";
				CLANG_ENABLE_MODULES = YES;
				CLANG_ENABLE_OBJC_ARC = YES;
				CLANG_ENABLE_OBJC_WEAK = YES;
				CLANG_WARN_BLOCK_CAPTURE_AUTORELEASING = YES;
				CLANG_WARN_BOOL_CONVERSION = YES;
				CLANG_WARN_COMMA = YES;
				CLANG_WARN_CONSTANT_CONVERSION = YES;
				CLANG_WARN_DEPRECATED_OBJC_IMPLEMENTATIONS = YES;
				CLANG_WARN_DIRECT_OBJC_ISA_USAGE = YES_ERROR;
				CLANG_WARN_DOCUMENTATION_COMMENTS = YES;
				CLANG_WARN_EMPTY_BODY = YES;
				CLANG_WARN_ENUM_CONVERSION = YES;
				CLANG_WARN_INFINITE_RECURSION = YES;
				CLANG_WARN_INT_CONVERSION = YES;
				CLANG_WARN_NON_LITERAL_NULL_CONVERSION = YES;
				CLANG_WARN_OBJC_IMPLICIT_RETAIN_SELF = YES;
				CLANG_WARN_OBJC_LITERAL_CONVERSION = YES;
				CLANG_WARN_OBJC_ROOT_CLASS = YES_ERROR;
				CLANG_WARN_QUOTED_INCLUDE_IN_FRAMEWORK_HEADER = YES;
				CLANG_WARN_RANGE_LOOP_ANALYSIS = YES;
				CLANG_WARN_STRICT_PROTOTYPES = YES;
				CLANG_WARN_SUSPICIOUS_MOVE = YES;
				CLANG_WARN_UNGUARDED_AVAILABILITY = YES_AGGRESSIVE;
				CLANG_WARN_UNREACHABLE_CODE = YES;
				CLANG_WARN__DUPLICATE_METHOD_MATCH = YES;
				COPY_PHASE_STRIP = NO;
				CURRENT_PROJECT_VERSION = 1;
				DEBUG_INFORMATION_FORMAT = "dwarf-with-dsym";
				ENABLE_NS_ASSERTIONS = NO;
				ENABLE_STRICT_OBJC_MSGSEND = YES;
				GCC_C_LANGUAGE_STANDARD = gnu11;
				GCC_NO_COMMON_BLOCKS = YES;
				GCC_WARN_64_TO_32_BIT_CONVERSION = YES;
				GCC_WARN_ABOUT_RETURN_TYPE = YES_ERROR;
				GCC_WARN_UNDECLARED_SELECTOR = YES;
				GCC_WARN_UNINITIALIZED_AUTOS = YES_AGGRESSIVE;
				GCC_WARN_UNUSED_FUNCTION = YES;
				GCC_WARN_UNUSED_VARIABLE = YES;
				IPHONEOS_DEPLOYMENT_TARGET = 16.2;
				MTL_ENABLE_DEBUG_INFO = NO;
				MTL_FAST_MATH = YES;
				SDKROOT = iphoneos;
				SWIFT_COMPILATION_MODE = wholemodule;
				SWIFT_OPTIMIZATION_LEVEL = "-O";
				VALIDATE_PRODUCT = YES;
				VERSIONING_SYSTEM = "apple-generic";
				VERSION_INFO_PREFIX = "";
			};
			name = Release;
		};
		832552CF2A97366700BFE696 /* Debug */ = {
			isa = XCBuildConfiguration;
			baseConfigurationReference = 376AF7998835CC95B4D6ED04 /* Pods-XYSwiftVideo.debug.xcconfig */;
			buildSettings = {
				CLANG_ENABLE_MODULES = YES;
				CODE_SIGN_STYLE = Automatic;
				CURRENT_PROJECT_VERSION = 1;
				DEAD_CODE_STRIPPING = NO;
				DEFINES_MODULE = YES;
				DYLIB_COMPATIBILITY_VERSION = 1;
				DYLIB_CURRENT_VERSION = 1;
				DYLIB_INSTALL_NAME_BASE = "@rpath";
				GENERATE_INFOPLIST_FILE = YES;
				INFOPLIST_KEY_NSHumanReadableCopyright = "";
				INSTALL_PATH = "$(LOCAL_LIBRARY_DIR)/Frameworks";
				IPHONEOS_DEPLOYMENT_TARGET = 12.0;
				LD_RUNPATH_SEARCH_PATHS = (
					"$(inherited)",
					"@executable_path/Frameworks",
					"@loader_path/Frameworks",
				);
				LINK_WITH_STANDARD_LIBRARIES = NO;
				MACH_O_TYPE = staticlib;
				MARKETING_VERSION = 1.0;
				PRODUCT_BUNDLE_IDENTIFIER = com.xudehuaisss.XYSwiftVideo;
				PRODUCT_NAME = "$(TARGET_NAME:c99extidentifier)";
				SKIP_INSTALL = YES;
				SWIFT_EMIT_LOC_STRINGS = YES;
				SWIFT_OPTIMIZATION_LEVEL = "-Onone";
				SWIFT_VERSION = 5.0;
				TARGETED_DEVICE_FAMILY = "1,2";
			};
			name = Debug;
		};
		832552D02A97366700BFE696 /* Release */ = {
			isa = XCBuildConfiguration;
			baseConfigurationReference = 11E44C2D8AE63739802006CA /* Pods-XYSwiftVideo.release.xcconfig */;
			buildSettings = {
				CLANG_ENABLE_MODULES = YES;
				CODE_SIGN_STYLE = Automatic;
				CURRENT_PROJECT_VERSION = 1;
				DEAD_CODE_STRIPPING = NO;
				DEFINES_MODULE = YES;
				DYLIB_COMPATIBILITY_VERSION = 1;
				DYLIB_CURRENT_VERSION = 1;
				DYLIB_INSTALL_NAME_BASE = "@rpath";
				GENERATE_INFOPLIST_FILE = YES;
				INFOPLIST_KEY_NSHumanReadableCopyright = "";
				INSTALL_PATH = "$(LOCAL_LIBRARY_DIR)/Frameworks";
				IPHONEOS_DEPLOYMENT_TARGET = 12.0;
				LD_RUNPATH_SEARCH_PATHS = (
					"$(inherited)",
					"@executable_path/Frameworks",
					"@loader_path/Frameworks",
				);
				LINK_WITH_STANDARD_LIBRARIES = NO;
				MACH_O_TYPE = staticlib;
				MARKETING_VERSION = 1.0;
				PRODUCT_BUNDLE_IDENTIFIER = com.xudehuaisss.XYSwiftVideo;
				PRODUCT_NAME = "$(TARGET_NAME:c99extidentifier)";
				SKIP_INSTALL = YES;
				SWIFT_EMIT_LOC_STRINGS = YES;
				SWIFT_VERSION = 5.0;
				TARGETED_DEVICE_FAMILY = "1,2";
			};
			name = Release;
		};
/* End XCBuildConfiguration section */

/* Begin XCConfigurationList section */
		832552C12A97366700BFE696 /* Build configuration list for PBXProject "XYSwiftVideo" */ = {
			isa = XCConfigurationList;
			buildConfigurations = (
				832552CC2A97366700BFE696 /* Debug */,
				832552CD2A97366700BFE696 /* Release */,
			);
			defaultConfigurationIsVisible = 0;
			defaultConfigurationName = Release;
		};
		832552CE2A97366700BFE696 /* Build configuration list for PBXNativeTarget "XYSwiftVideo" */ = {
			isa = XCConfigurationList;
			buildConfigurations = (
				832552CF2A97366700BFE696 /* Debug */,
				832552D02A97366700BFE696 /* Release */,
			);
			defaultConfigurationIsVisible = 0;
			defaultConfigurationName = Release;
		};
/* End XCConfigurationList section */
	};
	rootObject = 832552BE2A97366700BFE696 /* Project object */;
}
